
Microsoft Visual Studio Solution File, Format Version 12.00
# Visual Studio Version 16
VisualStudioVersion = 16.0.30413.136
MinimumVisualStudioVersion = 10.0.40219.1
Project("{FAE04EC0-301F-11D3-BF4B-00C04F79EFBC}") = "AssignmentForAnuitex", "AssignmentForAnuitex\AssignmentForAnuitex.csproj", "{DA554557-AFF5-45CA-9BDD-EA4BF232ABA5}"
EndProject
Global
	GlobalSection(SolutionConfigurationPlatforms) = preSolution
		Debug|Any CPU = Debug|Any CPU
		Release|Any CPU = Release|Any CPU
	EndGlobalSection
	GlobalSection(ProjectConfigurationPlatforms) = postSolution
		{DA554557-AFF5-45CA-9BDD-EA4BF232ABA5}.Debug|Any CPU.ActiveCfg = Debug|Any CPU
		{DA554557-AFF5-45CA-9BDD-EA4BF232ABA5}.Debug|Any CPU.Build.0 = Debug|Any CPU
		{DA554557-AFF5-45CA-9BDD-EA4BF232ABA5}.Release|Any CPU.ActiveCfg = Release|Any CPU
		{DA554557-AFF5-45CA-9BDD-EA4BF232ABA5}.Release|Any CPU.Build.0 = Release|Any CPU
	EndGlobalSection
	GlobalSection(SolutionProperties) = preSolution
		HideSolutionNode = FALSE
	EndGlobalSection
	GlobalSection(ExtensibilityGlobals) = postSolution
		SolutionGuid = {95947FF4-7C5A-485D-A1D3-69F89FD09EF8}
	EndGlobalSection
EndGlobal
